
Microsoft Visual Studio Solution File, Format Version 12.00
# Visual Studio 15
VisualStudioVersion = 15.0.28307.1145
MinimumVisualStudioVersion = 10.0.40219.1
Project("{FAE04EC0-301F-11D3-BF4B-00C04F79EFBC}") = "TicTacToe", "TicTacToe.csproj", "{8AC046F3-BBB8-4496-97E2-77F91DFED55E}"
EndProject
Global
	GlobalSection(SolutionConfigurationPlatforms) = preSolution
		Debug|Any CPU = Debug|Any CPU
		Release|Any CPU = Release|Any CPU
	EndGlobalSection
	GlobalSection(ProjectConfigurationPlatforms) = postSolution
		{8AC046F3-BBB8-4496-97E2-77F91DFED55E}.Debug|Any CPU.ActiveCfg = Debug|Any CPU
		{8AC046F3-BBB8-4496-97E2-77F91DFED55E}.Debug|Any CPU.Build.0 = Debug|Any CPU
		{8AC046F3-BBB8-4496-97E2-77F91DFED55E}.Release|Any CPU.ActiveCfg = Release|Any CPU
		{8AC046F3-BBB8-4496-97E2-77F91DFED55E}.Release|Any CPU.Build.0 = Release|Any CPU
	EndGlobalSection
	GlobalSection(SolutionProperties) = preSolution
		HideSolutionNode = FALSE
	EndGlobalSection
	GlobalSection(ExtensibilityGlobals) = postSolution
		SolutionGuid = {323759BB-5D7B-45BE-A5A5-0A99DD300DAD}
	EndGlobalSection
EndGlobal
